
Microsoft Visual Studio Solution File, Format Version 12.00
# Visual Studio Version 17
VisualStudioVersion = 17.6.33829.357
MinimumVisualStudioVersion = 10.0.40219.1
Project("{8BC9CEB8-8B4A-11D0-8D11-00A0C91BC942}") = "func_ptr", "func_ptr.vcxproj", "{EF965CC8-51D5-4C69-8FFE-01C07828E683}"
EndProject
Global
	GlobalSection(SolutionConfigurationPlatforms) = preSolution
		Debug|x64 = Debug|x64
		Debug|x86 = Debug|x86
		Release|x64 = Release|x64
		Release|x86 = Release|x86
	EndGlobalSection
	GlobalSection(ProjectConfigurationPlatforms) = postSolution
		{EF965CC8-51D5-4C69-8FFE-01C07828E683}.Debug|x64.ActiveCfg = Debug|x64
		{EF965CC8-51D5-4C69-8FFE-01C07828E683}.Debug|x64.Build.0 = Debug|x64
		{EF965CC8-51D5-4C69-8FFE-01C07828E683}.Debug|x86.ActiveCfg = Debug|Win32
		{EF965CC8-51D5-4C69-8FFE-01C07828E683}.Debug|x86.Build.0 = Debug|Win32
		{EF965CC8-51D5-4C69-8FFE-01C07828E683}.Release|x64.ActiveCfg = Release|x64
		{EF965CC8-51D5-4C69-8FFE-01C07828E683}.Release|x64.Build.0 = Release|x64
		{EF965CC8-51D5-4C69-8FFE-01C07828E683}.Release|x86.ActiveCfg = Release|Win32
		{EF965CC8-51D5-4C69-8FFE-01C07828E683}.Release|x86.Build.0 = Release|Win32
	EndGlobalSection
	GlobalSection(SolutionProperties) = preSolution
		HideSolutionNode = FALSE
	EndGlobalSection
	GlobalSection(ExtensibilityGlobals) = postSolution
		SolutionGuid = {AD3E64CA-1A40-42C0-A9A6-381558259388}
	EndGlobalSection
EndGlobal
